
Microsoft Visual Studio Solution File, Format Version 12.00
# Visual Studio Version 16
VisualStudioVersion = 16.0.31112.23
MinimumVisualStudioVersion = 10.0.40219.1
Project("{2150E333-8FDC-42A3-9474-1A3956D46DE8}") = "Services", "Services", "{8B0161CC-D016-46CF-B663-5218599D8FB0}"
EndProject
Project("{2150E333-8FDC-42A3-9474-1A3956D46DE8}") = "Catalog", "Catalog", "{96D804EE-166B-4D67-BF48-A894A90544EE}"
EndProject
Project("{9A19103F-16F7-4668-BE54-9A1E7A4F7556}") = "Catalog.API", "Services\Catalog\Catalog.API\Catalog.API.csproj", "{6B47837B-F995-4B03-8510-3472CBB355EC}"
EndProject
Project("{E53339B2-1760-4266-BCC7-CA923CBCF16C}") = "docker-compose", "docker-compose.dcproj", "{BF5914D1-433E-4609-9CA9-F326D6D75029}"
EndProject
Project("{2150E333-8FDC-42A3-9474-1A3956D46DE8}") = "Basket", "Basket", "{33EDCEC6-8F51-4729-815B-9BAB54F42CB3}"
EndProject
Project("{9A19103F-16F7-4668-BE54-9A1E7A4F7556}") = "Basket.API", "Services\Basket\Basket.API\Basket.API.csproj", "{6F173AF4-F7B9-480F-B608-D15DBA4BADBF}"
EndProject
Project("{2150E333-8FDC-42A3-9474-1A3956D46DE8}") = "Discount", "Discount", "{DCAD61DF-FCD2-406F-8C63-148BBC533BC4}"
EndProject
Project("{9A19103F-16F7-4668-BE54-9A1E7A4F7556}") = "Discount.API", "Services\Discount\Discount.API\Discount.API.csproj", "{D08CE73F-D67C-42A9-8B16-E043CE51894E}"
EndProject
Project("{FAE04EC0-301F-11D3-BF4B-00C04F79EFBC}") = "Discount.Grpc", "Services\Discount\Discount.Grpc\Discount.Grpc.csproj", "{D1725A85-2309-4361-9F47-CED27D41C660}"
EndProject
Global
	GlobalSection(SolutionConfigurationPlatforms) = preSolution
		Debug|Any CPU = Debug|Any CPU
		Release|Any CPU = Release|Any CPU
	EndGlobalSection
	GlobalSection(ProjectConfigurationPlatforms) = postSolution
		{6B47837B-F995-4B03-8510-3472CBB355EC}.Debug|Any CPU.ActiveCfg = Debug|Any CPU
		{6B47837B-F995-4B03-8510-3472CBB355EC}.Debug|Any CPU.Build.0 = Debug|Any CPU
		{6B47837B-F995-4B03-8510-3472CBB355EC}.Release|Any CPU.ActiveCfg = Release|Any CPU
		{6B47837B-F995-4B03-8510-3472CBB355EC}.Release|Any CPU.Build.0 = Release|Any CPU
		{BF5914D1-433E-4609-9CA9-F326D6D75029}.Debug|Any CPU.ActiveCfg = Debug|Any CPU
		{BF5914D1-433E-4609-9CA9-F326D6D75029}.Debug|Any CPU.Build.0 = Debug|Any CPU
		{BF5914D1-433E-4609-9CA9-F326D6D75029}.Release|Any CPU.ActiveCfg = Release|Any CPU
		{BF5914D1-433E-4609-9CA9-F326D6D75029}.Release|Any CPU.Build.0 = Release|Any CPU
		{6F173AF4-F7B9-480F-B608-D15DBA4BADBF}.Debug|Any CPU.ActiveCfg = Debug|Any CPU
		{6F173AF4-F7B9-480F-B608-D15DBA4BADBF}.Debug|Any CPU.Build.0 = Debug|Any CPU
		{6F173AF4-F7B9-480F-B608-D15DBA4BADBF}.Release|Any CPU.ActiveCfg = Release|Any CPU
		{6F173AF4-F7B9-480F-B608-D15DBA4BADBF}.Release|Any CPU.Build.0 = Release|Any CPU
		{D08CE73F-D67C-42A9-8B16-E043CE51894E}.Debug|Any CPU.ActiveCfg = Debug|Any CPU
		{D08CE73F-D67C-42A9-8B16-E043CE51894E}.Debug|Any CPU.Build.0 = Debug|Any CPU
		{D08CE73F-D67C-42A9-8B16-E043CE51894E}.Release|Any CPU.ActiveCfg = Release|Any CPU
		{D08CE73F-D67C-42A9-8B16-E043CE51894E}.Release|Any CPU.Build.0 = Release|Any CPU
		{D1725A85-2309-4361-9F47-CED27D41C660}.Debug|Any CPU.ActiveCfg = Debug|Any CPU
		{D1725A85-2309-4361-9F47-CED27D41C660}.Debug|Any CPU.Build.0 = Debug|Any CPU
		{D1725A85-2309-4361-9F47-CED27D41C660}.Release|Any CPU.ActiveCfg = Release|Any CPU
		{D1725A85-2309-4361-9F47-CED27D41C660}.Release|Any CPU.Build.0 = Release|Any CPU
	EndGlobalSection
	GlobalSection(SolutionProperties) = preSolution
		HideSolutionNode = FALSE
	EndGlobalSection
	GlobalSection(NestedProjects) = preSolution
		{96D804EE-166B-4D67-BF48-A894A90544EE} = {8B0161CC-D016-46CF-B663-5218599D8FB0}
		{6B47837B-F995-4B03-8510-3472CBB355EC} = {96D804EE-166B-4D67-BF48-A894A90544EE}
		{33EDCEC6-8F51-4729-815B-9BAB54F42CB3} = {8B0161CC-D016-46CF-B663-5218599D8FB0}
		{6F173AF4-F7B9-480F-B608-D15DBA4BADBF} = {33EDCEC6-8F51-4729-815B-9BAB54F42CB3}
		{DCAD61DF-FCD2-406F-8C63-148BBC533BC4} = {8B0161CC-D016-46CF-B663-5218599D8FB0}
		{D08CE73F-D67C-42A9-8B16-E043CE51894E} = {DCAD61DF-FCD2-406F-8C63-148BBC533BC4}
		{D1725A85-2309-4361-9F47-CED27D41C660} = {DCAD61DF-FCD2-406F-8C63-148BBC533BC4}
	EndGlobalSection
	GlobalSection(ExtensibilityGlobals) = postSolution
		SolutionGuid = {51677BFF-43B7-4AA8-A29C-924A4A82B5FC}
	EndGlobalSection
EndGlobal
